{
  "requires": true,
  "lockfileVersion": 1,
  "dependencies": {
    "bootstrap": {
      "version": "4.0.0-alpha.6",
      "resolved": "https://registry.npmjs.org/bootstrap/-/bootstrap-4.0.0-alpha.6.tgz",
      "integrity": "sha1-T1TdM6wN6sOyhAe8LffsYIhpycg=",
      "requires": {
        "jquery": ">=1.9.1",
        "tether": "^1.4.0"
      }
    },
    "jquery": {
      "version": "3.3.1",
      "resolved": "https://registry.npmjs.org/jquery/-/jquery-3.3.1.tgz",
      "integrity": "sha512-Ubldcmxp5np52/ENotGxlLe6aGMvmF4R8S6tZjsP6Knsaxd/xp3Zrh50cG93lR6nPXyUFwzN3ZSOQI0wRJNdGg=="
    },
    "normalize.css": {
      "version": "8.0.1",
      "resolved": "https://registry.npmjs.org/normalize.css/-/normalize.css-8.0.1.tgz",
      "integrity": "sha512-qizSNPO93t1YUuUhP22btGOo3chcvDFqFaj2TRybP0DMxkHOCTYwp3n34fel4a31ORXy4m1Xq0Gyqpb5m33qIg=="
    },
    "package-lock.json": {
      "version": "1.0.0",
      "resolved": "https://registry.npmjs.org/package-lock.json/-/package-lock.json-1.0.0.tgz",
      "integrity": "sha512-+yEXtNdlCs5N0Zy/9uvkifgf/RqnGu0WqP4j9Wu1Us4YReFe1YNBh2Krmf8B1xGxjpYnta63K55QP8bkafnOzA=="
    },
    "tether": {
      "version": "1.4.5",
      "resolved": "https://registry.npmjs.org/tether/-/tether-1.4.5.tgz",
      "integrity": "sha512-fysT1Gug2wbRi7a6waeu39yVDwiNtvwj5m9eRD+qZDSHKNghLo6KqP/U3yM2ap6TNUL2skjXGJaJJTJqoC31vw=="
    }
  }
}
